// !$*UTF8*$!
{
	archiveVersion = 1;
	classes = {
	};
	objectVersion = 77;
	objects = {

/* Begin PBXBuildFile section */
		3753B064E9EE87BADBB34AAC /* Docktor.app in Frameworks */ = {isa = PBXBuildFile; fileRef = FA12B1922EFF98EC00DB8333 /* Docktor.app */; };
		C374E4A29F47ED49B09150A8 /* DockDecisionEngineXCTest.swift in Sources */ = {isa = PBXBuildFile; fileRef = 93451BA79642D3FDADF60039 /* DockDecisionEngineXCTest.swift */; };
		D1E2F3A4B5C60718293A4B5C /* DockDecisionEngine.swift in Sources */ = {isa = PBXBuildFile; fileRef = F1E2D3C4B5A6978877665544 /* DockDecisionEngine.swift */; };
		EDD76B1AD00EEC6FF14F9306 /* Cocoa.framework in Frameworks */ = {isa = PBXBuildFile; fileRef = E1C3D7B1DBCB2A02A51BAF57 /* Cocoa.framework */; };
		FA12B1D52F00111100DB8333 /* Sparkle in Frameworks */ = {isa = PBXBuildFile; productRef = FA12B1D72F00111100DB8333 /* Sparkle */; };
/* End PBXBuildFile section */

/* Begin PBXContainerItemProxy section */
		8C6292CD62A4DE979BFEEF48 /* PBXContainerItemProxy */ = {
			isa = PBXContainerItemProxy;
			containerPortal = FA12B18A2EFF98EC00DB8333 /* Project object */;
			proxyType = 1;
			remoteGlobalIDString = FA12B1912EFF98EC00DB8333;
			remoteInfo = Docktor;
		};
/* End PBXContainerItemProxy section */

/* Begin PBXFileReference section */
		1D80AE08BC0FDB992139A0CF /* DocktorTests.xctest */ = {isa = PBXFileReference; explicitFileType = wrapper.cfbundle; includeInIndex = 0; path = DocktorTests.xctest; sourceTree = BUILT_PRODUCTS_DIR; };
		93451BA79642D3FDADF60039 /* DockDecisionEngineXCTest.swift */ = {isa = PBXFileReference; includeInIndex = 1; lastKnownFileType = sourcecode.swift; path = DocktorTests/DockDecisionEngineXCTest.swift; sourceTree = "<group>"; };
		F1E2D3C4B5A6978877665544 /* DockDecisionEngine.swift */ = {isa = PBXFileReference; includeInIndex = 1; lastKnownFileType = sourcecode.swift; path = Docktor/DockDecisionEngine.swift; sourceTree = "<group>"; };
		E1C3D7B1DBCB2A02A51BAF57 /* Cocoa.framework */ = {isa = PBXFileReference; lastKnownFileType = wrapper.framework; name = Cocoa.framework; path = Platforms/MacOSX.platform/Developer/SDKs/MacOSX15.0.sdk/System/Library/Frameworks/Cocoa.framework; sourceTree = DEVELOPER_DIR; };
		FA12B1922EFF98EC00DB8333 /* Docktor.app */ = {isa = PBXFileReference; explicitFileType = wrapper.application; includeInIndex = 0; path = Docktor.app; sourceTree = BUILT_PRODUCTS_DIR; };
/* End PBXFileReference section */

/* Begin PBXFileSystemSynchronizedBuildFileExceptionSet section */
		FA12B1CA2EFF9E7F00DB8333 /* Exceptions for "Docktor" folder in "Docktor" target */ = {
			isa = PBXFileSystemSynchronizedBuildFileExceptionSet;
			membershipExceptions = (
				Info.plist,
			);
			target = FA12B1912EFF98EC00DB8333 /* Docktor */;
		};
/* End PBXFileSystemSynchronizedBuildFileExceptionSet section */

/* Begin PBXFileSystemSynchronizedRootGroup section */
		FA12B1942EFF98EC00DB8333 /* Docktor */ = {
			isa = PBXFileSystemSynchronizedRootGroup;
			exceptions = (
				FA12B1CA2EFF9E7F00DB8333 /* Exceptions for "Docktor" folder in "Docktor" target */,
			);
			path = Docktor;
			sourceTree = "<group>";
		};
/* End PBXFileSystemSynchronizedRootGroup section */

/* Begin PBXFrameworksBuildPhase section */
		FA12B18F2EFF98EC00DB8333 /* Frameworks */ = {
			isa = PBXFrameworksBuildPhase;
			buildActionMask = 2147483647;
			files = (
				FA12B1D52F00111100DB8333 /* Sparkle in Frameworks */,
			);
			runOnlyForDeploymentPostprocessing = 0;
		};
		FDDBF35460DD9F452C48CE6F /* Frameworks */ = {
			isa = PBXFrameworksBuildPhase;
			buildActionMask = 2147483647;
			files = (
				EDD76B1AD00EEC6FF14F9306 /* Cocoa.framework in Frameworks */,
				3753B064E9EE87BADBB34AAC /* Docktor.app in Frameworks */,
			);
			runOnlyForDeploymentPostprocessing = 0;
		};
/* End PBXFrameworksBuildPhase section */

/* Begin PBXGroup section */
		408FA64AE679444C7627B0C1 /* DocktorTests */ = {
			isa = PBXGroup;
			children = (
				93451BA79642D3FDADF60039 /* DockDecisionEngineXCTest.swift */,
				F1E2D3C4B5A6978877665544 /* DockDecisionEngine.swift */,
			);
			name = DocktorTests;
			sourceTree = "<group>";
		};
		7BDB2415F3A68D537EAAD0E5 /* OS X */ = {
			isa = PBXGroup;
			children = (
				E1C3D7B1DBCB2A02A51BAF57 /* Cocoa.framework */,
			);
			name = "OS X";
			sourceTree = "<group>";
		};
		FA12B1892EFF98EC00DB8333 = {
			isa = PBXGroup;
			children = (
				FA12B1942EFF98EC00DB8333 /* Docktor */,
				FA12B1932EFF98EC00DB8333 /* Products */,
				FF5D67367B0D161DB7F4E96C /* Frameworks */,
				408FA64AE679444C7627B0C1 /* DocktorTests */,
			);
			sourceTree = "<group>";
		};
		FA12B1932EFF98EC00DB8333 /* Products */ = {
			isa = PBXGroup;
			children = (
				FA12B1922EFF98EC00DB8333 /* Docktor.app */,
				1D80AE08BC0FDB992139A0CF /* DocktorTests.xctest */,
			);
			name = Products;
			sourceTree = "<group>";
		};
		FF5D67367B0D161DB7F4E96C /* Frameworks */ = {
			isa = PBXGroup;
			children = (
				7BDB2415F3A68D537EAAD0E5 /* OS X */,
			);
			name = Frameworks;
			sourceTree = "<group>";
		};
/* End PBXGroup section */

/* Begin PBXNativeTarget section */
		97E7EA4EF02432669DF416E4 /* DocktorTests */ = {
			isa = PBXNativeTarget;
			buildConfigurationList = 69BC6F637EEB27F153567E0C /* Build configuration list for PBXNativeTarget "DocktorTests" */;
			buildPhases = (
				30F8AE66953AA5D313645424 /* Sources */,
				FDDBF35460DD9F452C48CE6F /* Frameworks */,
				EABF5FC39E4DBAF88FEA907E /* Resources */,
			);
			buildRules = (
			);
			dependencies = (
				BE10FB24273B1080E291370B /* PBXTargetDependency */,
			);
			name = DocktorTests;
			productName = DocktorTests;
			productReference = 1D80AE08BC0FDB992139A0CF /* DocktorTests.xctest */;
			productType = "com.apple.product-type.bundle.unit-test";
		};
		FA12B1912EFF98EC00DB8333 /* Docktor */ = {
			isa = PBXNativeTarget;
			buildConfigurationList = FA12B19D2EFF98ED00DB8333 /* Build configuration list for PBXNativeTarget "Docktor" */;
			buildPhases = (
				FA12B18E2EFF98EC00DB8333 /* Sources */,
				FA12B18F2EFF98EC00DB8333 /* Frameworks */,
				FA12B1902EFF98EC00DB8333 /* Resources */,
			);
			buildRules = (
			);
			dependencies = (
			);
			fileSystemSynchronizedGroups = (
				FA12B1942EFF98EC00DB8333 /* Docktor */,
			);
			name = Docktor;
			packageProductDependencies = (
				FA12B1D72F00111100DB8333 /* Sparkle */,
			);
			productName = Docktor;
			productReference = FA12B1922EFF98EC00DB8333 /* Docktor.app */;
			productType = "com.apple.product-type.application";
		};
/* End PBXNativeTarget section */

/* Begin PBXProject section */
		FA12B18A2EFF98EC00DB8333 /* Project object */ = {
			isa = PBXProject;
			attributes = {
				BuildIndependentTargetsInParallel = 1;
				LastSwiftUpdateCheck = 2620;
				LastUpgradeCheck = 2620;
				TargetAttributes = {
					FA12B1912EFF98EC00DB8333 = {
						CreatedOnToolsVersion = 26.2;
					};
				};
			};
			buildConfigurationList = FA12B18D2EFF98EC00DB8333 /* Build configuration list for PBXProject "Docktor" */;
			developmentRegion = en;
			hasScannedForEncodings = 0;
			knownRegions = (
				en,
				Base,
			);
			mainGroup = FA12B1892EFF98EC00DB8333;
			minimizedProjectReferenceProxies = 1;
			packageReferences = (
				FA12B1D62F00111100DB8333 /* XCRemoteSwiftPackageReference "Sparkle" */,
			);
			preferredProjectObjectVersion = 77;
			productRefGroup = FA12B1932EFF98EC00DB8333 /* Products */;
			projectDirPath = "";
			projectRoot = "";
			targets = (
				FA12B1912EFF98EC00DB8333 /* Docktor */,
				97E7EA4EF02432669DF416E4 /* DocktorTests */,
			);
		};
/* End PBXProject section */

/* Begin PBXResourcesBuildPhase section */
		EABF5FC39E4DBAF88FEA907E /* Resources */ = {
			isa = PBXResourcesBuildPhase;
			buildActionMask = 2147483647;
			files = (
			);
			runOnlyForDeploymentPostprocessing = 0;
		};
		FA12B1902EFF98EC00DB8333 /* Resources */ = {
			isa = PBXResourcesBuildPhase;
			buildActionMask = 2147483647;
			files = (
			);
			runOnlyForDeploymentPostprocessing = 0;
		};
/* End PBXResourcesBuildPhase section */

/* Begin PBXSourcesBuildPhase section */
		30F8AE66953AA5D313645424 /* Sources */ = {
			isa = PBXSourcesBuildPhase;
			buildActionMask = 2147483647;
			files = (
				C374E4A29F47ED49B09150A8 /* DockDecisionEngineXCTest.swift in Sources */,
				D1E2F3A4B5C60718293A4B5C /* DockDecisionEngine.swift in Sources */,
			);
			runOnlyForDeploymentPostprocessing = 0;
		};
		FA12B18E2EFF98EC00DB8333 /* Sources */ = {
			isa = PBXSourcesBuildPhase;
			buildActionMask = 2147483647;
			files = (
			);
			runOnlyForDeploymentPostprocessing = 0;
		};
/* End PBXSourcesBuildPhase section */

/* Begin PBXTargetDependency section */
		BE10FB24273B1080E291370B /* PBXTargetDependency */ = {
			isa = PBXTargetDependency;
			name = Docktor;
			target = FA12B1912EFF98EC00DB8333 /* Docktor */;
			targetProxy = 8C6292CD62A4DE979BFEEF48 /* PBXContainerItemProxy */;
		};
/* End PBXTargetDependency section */

/* Begin XCBuildConfiguration section */
		98961A0CE3E02B650968D175 /* Release */ = {
			isa = XCBuildConfiguration;
			buildSettings = {
				BUNDLE_LOADER = "";
				CODE_SIGN_STYLE = Automatic;
				GENERATE_INFOPLIST_FILE = YES;
				MACOSX_DEPLOYMENT_TARGET = 14.0;
				PRODUCT_BUNDLE_IDENTIFIER = pzc.DockterTests;
				PRODUCT_MODULE_NAME = DocktorTests;
				PRODUCT_NAME = DocktorTests;
				SDKROOT = macosx;
				SWIFT_VERSION = 5.0;
				TEST_HOST = "";
			};
			name = Release;
		};
		E70359510681E948BAB5A238 /* Debug */ = {
			isa = XCBuildConfiguration;
			buildSettings = {
				BUNDLE_LOADER = "";
				CODE_SIGN_STYLE = Automatic;
				GENERATE_INFOPLIST_FILE = YES;
				MACOSX_DEPLOYMENT_TARGET = 14.0;
				PRODUCT_BUNDLE_IDENTIFIER = pzc.DockterTests;
				PRODUCT_MODULE_NAME = DocktorTests;
				PRODUCT_NAME = DocktorTests;
				SDKROOT = macosx;
				SWIFT_VERSION = 5.0;
				TEST_HOST = "";
			};
			name = Debug;
		};
		FA12B19B2EFF98ED00DB8333 /* Debug */ = {
			isa = XCBuildConfiguration;
			buildSettings = {
				ALWAYS_SEARCH_USER_PATHS = NO;
				ASSETCATALOG_COMPILER_GENERATE_SWIFT_ASSET_SYMBOL_EXTENSIONS = YES;
				CLANG_ANALYZER_NONNULL = YES;
				CLANG_ANALYZER_NUMBER_OBJECT_CONVERSION = YES_AGGRESSIVE;
				CLANG_CXX_LANGUAGE_STANDARD = "gnu++20";
				CLANG_ENABLE_MODULES = YES;
				CLANG_ENABLE_OBJC_ARC = YES;
				CLANG_ENABLE_OBJC_WEAK = YES;
				CLANG_WARN_BLOCK_CAPTURE_AUTORELEASING = YES;
				CLANG_WARN_BOOL_CONVERSION = YES;
				CLANG_WARN_COMMA = YES;
				CLANG_WARN_CONSTANT_CONVERSION = YES;
				CLANG_WARN_DEPRECATED_OBJC_IMPLEMENTATIONS = YES;
				CLANG_WARN_DIRECT_OBJC_ISA_USAGE = YES_ERROR;
				CLANG_WARN_DOCUMENTATION_COMMENTS = YES;
				CLANG_WARN_EMPTY_BODY = YES;
				CLANG_WARN_ENUM_CONVERSION = YES;
				CLANG_WARN_INFINITE_RECURSION = YES;
				CLANG_WARN_INT_CONVERSION = YES;
				CLANG_WARN_NON_LITERAL_NULL_CONVERSION = YES;
				CLANG_WARN_OBJC_IMPLICIT_RETAIN_SELF = YES;
				CLANG_WARN_OBJC_LITERAL_CONVERSION = YES;
				CLANG_WARN_OBJC_ROOT_CLASS = YES_ERROR;
				CLANG_WARN_QUOTED_INCLUDE_IN_FRAMEWORK_HEADER = YES;
				CLANG_WARN_RANGE_LOOP_ANALYSIS = YES;
				CLANG_WARN_STRICT_PROTOTYPES = YES;
				CLANG_WARN_SUSPICIOUS_MOVE = YES;
				CLANG_WARN_UNGUARDED_AVAILABILITY = YES_AGGRESSIVE;
				CLANG_WARN_UNREACHABLE_CODE = YES;
				CLANG_WARN__DUPLICATE_METHOD_MATCH = YES;
				COPY_PHASE_STRIP = NO;
				DEBUG_INFORMATION_FORMAT = dwarf;
				ENABLE_STRICT_OBJC_MSGSEND = YES;
				ENABLE_TESTABILITY = YES;
				ENABLE_USER_SCRIPT_SANDBOXING = NO;
				GCC_C_LANGUAGE_STANDARD = gnu17;
				GCC_DYNAMIC_NO_PIC = NO;
				GCC_NO_COMMON_BLOCKS = YES;
				GCC_OPTIMIZATION_LEVEL = 0;
				GCC_PREPROCESSOR_DEFINITIONS = (
					"DEBUG=1",
					"$(inherited)",
				);
				GCC_WARN_64_TO_32_BIT_CONVERSION = YES;
				GCC_WARN_ABOUT_RETURN_TYPE = YES_ERROR;
				GCC_WARN_UNDECLARED_SELECTOR = YES;
				GCC_WARN_UNINITIALIZED_AUTOS = YES_AGGRESSIVE;
				GCC_WARN_UNUSED_FUNCTION = YES;
				GCC_WARN_UNUSED_VARIABLE = YES;
				LOCALIZATION_PREFERS_STRING_CATALOGS = YES;
				MACOSX_DEPLOYMENT_TARGET = 14.0;
				MTL_ENABLE_DEBUG_INFO = INCLUDE_SOURCE;
				MTL_FAST_MATH = YES;
				ONLY_ACTIVE_ARCH = YES;
				SDKROOT = macosx;
				SWIFT_ACTIVE_COMPILATION_CONDITIONS = "DEBUG $(inherited)";
				SWIFT_OPTIMIZATION_LEVEL = "-Onone";
			};
			name = Debug;
		};
		FA12B19C2EFF98ED00DB8333 /* Release */ = {
			isa = XCBuildConfiguration;
			buildSettings = {
				ALWAYS_SEARCH_USER_PATHS = NO;
				ASSETCATALOG_COMPILER_GENERATE_SWIFT_ASSET_SYMBOL_EXTENSIONS = YES;
				CLANG_ANALYZER_NONNULL = YES;
				CLANG_ANALYZER_NUMBER_OBJECT_CONVERSION = YES_AGGRESSIVE;
				CLANG_CXX_LANGUAGE_STANDARD = "gnu++20";
				CLANG_ENABLE_MODULES = YES;
				CLANG_ENABLE_OBJC_ARC = YES;
				CLANG_ENABLE_OBJC_WEAK = YES;
				CLANG_WARN_BLOCK_CAPTURE_AUTORELEASING = YES;
				CLANG_WARN_BOOL_CONVERSION = YES;
				CLANG_WARN_COMMA = YES;
				CLANG_WARN_CONSTANT_CONVERSION = YES;
				CLANG_WARN_DEPRECATED_OBJC_IMPLEMENTATIONS = YES;
				CLANG_WARN_DIRECT_OBJC_ISA_USAGE = YES_ERROR;
				CLANG_WARN_DOCUMENTATION_COMMENTS = YES;
				CLANG_WARN_EMPTY_BODY = YES;
				CLANG_WARN_ENUM_CONVERSION = YES;
				CLANG_WARN_INFINITE_RECURSION = YES;
				CLANG_WARN_INT_CONVERSION = YES;
				CLANG_WARN_NON_LITERAL_NULL_CONVERSION = YES;
				CLANG_WARN_OBJC_IMPLICIT_RETAIN_SELF = YES;
				CLANG_WARN_OBJC_LITERAL_CONVERSION = YES;
				CLANG_WARN_OBJC_ROOT_CLASS = YES_ERROR;
				CLANG_WARN_QUOTED_INCLUDE_IN_FRAMEWORK_HEADER = YES;
				CLANG_WARN_RANGE_LOOP_ANALYSIS = YES;
				CLANG_WARN_STRICT_PROTOTYPES = YES;
				CLANG_WARN_SUSPICIOUS_MOVE = YES;
				CLANG_WARN_UNGUARDED_AVAILABILITY = YES_AGGRESSIVE;
				CLANG_WARN_UNREACHABLE_CODE = YES;
				CLANG_WARN__DUPLICATE_METHOD_MATCH = YES;
				COPY_PHASE_STRIP = NO;
				DEBUG_INFORMATION_FORMAT = "dwarf-with-dsym";
				ENABLE_NS_ASSERTIONS = NO;
				ENABLE_STRICT_OBJC_MSGSEND = YES;
				ENABLE_USER_SCRIPT_SANDBOXING = NO;
				GCC_C_LANGUAGE_STANDARD = gnu17;
				GCC_NO_COMMON_BLOCKS = YES;
				GCC_WARN_64_TO_32_BIT_CONVERSION = YES;
				GCC_WARN_ABOUT_RETURN_TYPE = YES_ERROR;
				GCC_WARN_UNDECLARED_SELECTOR = YES;
				GCC_WARN_UNINITIALIZED_AUTOS = YES_AGGRESSIVE;
				GCC_WARN_UNUSED_FUNCTION = YES;
				GCC_WARN_UNUSED_VARIABLE = YES;
				LOCALIZATION_PREFERS_STRING_CATALOGS = YES;
				MACOSX_DEPLOYMENT_TARGET = 14.0;
				MTL_ENABLE_DEBUG_INFO = NO;
				MTL_FAST_MATH = YES;
				SDKROOT = macosx;
				SWIFT_COMPILATION_MODE = wholemodule;
			};
			name = Release;
		};
		FA12B19E2EFF98ED00DB8333 /* Debug */ = {
			isa = XCBuildConfiguration;
			buildSettings = {
				ASSETCATALOG_COMPILER_APPICON_NAME = AppIcon;
				ASSETCATALOG_COMPILER_GLOBAL_ACCENT_COLOR_NAME = AccentColor;
				CODE_SIGN_STYLE = Automatic;
				COMBINE_HIDPI_IMAGES = YES;
				CURRENT_PROJECT_VERSION = 1;
				DEVELOPMENT_TEAM = 27JL2VERNC;
				ENABLE_APP_SANDBOX = NO;
				ENABLE_PREVIEWS = YES;
				ENABLE_USER_SELECTED_FILES = readonly;
				GENERATE_INFOPLIST_FILE = NO;
				INFOPLIST_FILE = Docktor/Info.plist;
				INFOPLIST_KEY_NSHumanReadableCopyright = "";
				LD_RUNPATH_SEARCH_PATHS = (
					"$(inherited)",
					"@executable_path/../Frameworks",
				);
				MACOSX_DEPLOYMENT_TARGET = 14.0;
				MARKETING_VERSION = 0.0.16;
				PRODUCT_BUNDLE_IDENTIFIER = pzc.Dockter;
				PRODUCT_NAME = "$(TARGET_NAME)";
				REGISTER_APP_GROUPS = YES;
				STRING_CATALOG_GENERATE_SYMBOLS = YES;
				SWIFT_APPROACHABLE_CONCURRENCY = YES;
				SWIFT_DEFAULT_ACTOR_ISOLATION = MainActor;
				SWIFT_EMIT_LOC_STRINGS = YES;
				SWIFT_UPCOMING_FEATURE_MEMBER_IMPORT_VISIBILITY = YES;
				SWIFT_VERSION = 5.0;
			};
			name = Debug;
		};
		FA12B19F2EFF98ED00DB8333 /* Release */ = {
			isa = XCBuildConfiguration;
			buildSettings = {
				ASSETCATALOG_COMPILER_APPICON_NAME = AppIcon;
				ASSETCATALOG_COMPILER_GLOBAL_ACCENT_COLOR_NAME = AccentColor;
				CODE_SIGN_STYLE = Automatic;
				COMBINE_HIDPI_IMAGES = YES;
				CURRENT_PROJECT_VERSION = 1;
				DEVELOPMENT_TEAM = 27JL2VERNC;
				ENABLE_APP_SANDBOX = NO;
				ENABLE_HARDENED_RUNTIME = YES;
				ENABLE_PREVIEWS = YES;
				ENABLE_USER_SELECTED_FILES = readonly;
				GENERATE_INFOPLIST_FILE = NO;
				INFOPLIST_FILE = Docktor/Info.plist;
				INFOPLIST_KEY_NSHumanReadableCopyright = "";
				LD_RUNPATH_SEARCH_PATHS = (
					"$(inherited)",
					"@executable_path/../Frameworks",
				);
				MACOSX_DEPLOYMENT_TARGET = 14.0;
				MARKETING_VERSION = 0.0.16;
				PRODUCT_BUNDLE_IDENTIFIER = pzc.Dockter;
				PRODUCT_NAME = "$(TARGET_NAME)";
				REGISTER_APP_GROUPS = YES;
				STRING_CATALOG_GENERATE_SYMBOLS = YES;
				SWIFT_APPROACHABLE_CONCURRENCY = YES;
				SWIFT_DEFAULT_ACTOR_ISOLATION = MainActor;
				SWIFT_EMIT_LOC_STRINGS = YES;
				SWIFT_UPCOMING_FEATURE_MEMBER_IMPORT_VISIBILITY = YES;
				SWIFT_VERSION = 5.0;
			};
			name = Release;
		};
/* End XCBuildConfiguration section */

/* Begin XCConfigurationList section */
		69BC6F637EEB27F153567E0C /* Build configuration list for PBXNativeTarget "DocktorTests" */ = {
			isa = XCConfigurationList;
			buildConfigurations = (
				98961A0CE3E02B650968D175 /* Release */,
				E70359510681E948BAB5A238 /* Debug */,
			);
			defaultConfigurationIsVisible = 0;
			defaultConfigurationName = Release;
		};
		FA12B18D2EFF98EC00DB8333 /* Build configuration list for PBXProject "Docktor" */ = {
			isa = XCConfigurationList;
			buildConfigurations = (
				FA12B19B2EFF98ED00DB8333 /* Debug */,
				FA12B19C2EFF98ED00DB8333 /* Release */,
			);
			defaultConfigurationIsVisible = 0;
			defaultConfigurationName = Release;
		};
		FA12B19D2EFF98ED00DB8333 /* Build configuration list for PBXNativeTarget "Docktor" */ = {
			isa = XCConfigurationList;
			buildConfigurations = (
				FA12B19E2EFF98ED00DB8333 /* Debug */,
				FA12B19F2EFF98ED00DB8333 /* Release */,
			);
			defaultConfigurationIsVisible = 0;
			defaultConfigurationName = Release;
		};
/* End XCConfigurationList section */

/* Begin XCRemoteSwiftPackageReference section */
		FA12B1D62F00111100DB8333 /* XCRemoteSwiftPackageReference "Sparkle" */ = {
			isa = XCRemoteSwiftPackageReference;
			repositoryURL = "https://github.com/sparkle-project/Sparkle";
			requirement = {
				kind = upToNextMajorVersion;
				minimumVersion = 2.6.4;
			};
		};
/* End XCRemoteSwiftPackageReference section */

/* Begin XCSwiftPackageProductDependency section */
		FA12B1D72F00111100DB8333 /* Sparkle */ = {
			isa = XCSwiftPackageProductDependency;
			package = FA12B1D62F00111100DB8333 /* XCRemoteSwiftPackageReference "Sparkle" */;
			productName = Sparkle;
		};
/* End XCSwiftPackageProductDependency section */
	};
	rootObject = FA12B18A2EFF98EC00DB8333 /* Project object */;
}
